
Microsoft Visual Studio Solution File, Format Version 12.00
# Visual Studio 15
VisualStudioVersion = 15.0.26228.9
MinimumVisualStudioVersion = 10.0.40219.1
Project("{FAE04EC0-301F-11D3-BF4B-00C04F79EFBC}") = "Cwiczenie9.2", "Cwiczenie9.2\Cwiczenie9.2.csproj", "{A9F18A44-55B4-41BF-A071-9484EF35827C}"
EndProject
Global
	GlobalSection(SolutionConfigurationPlatforms) = preSolution
		Debug|Any CPU = Debug|Any CPU
		Release|Any CPU = Release|Any CPU
	EndGlobalSection
	GlobalSection(ProjectConfigurationPlatforms) = postSolution
		{A9F18A44-55B4-41BF-A071-9484EF35827C}.Debug|Any CPU.ActiveCfg = Debug|Any CPU
		{A9F18A44-55B4-41BF-A071-9484EF35827C}.Debug|Any CPU.Build.0 = Debug|Any CPU
		{A9F18A44-55B4-41BF-A071-9484EF35827C}.Release|Any CPU.ActiveCfg = Release|Any CPU
		{A9F18A44-55B4-41BF-A071-9484EF35827C}.Release|Any CPU.Build.0 = Release|Any CPU
	EndGlobalSection
	GlobalSection(SolutionProperties) = preSolution
		HideSolutionNode = FALSE
	EndGlobalSection
EndGlobal
